
Microsoft Visual Studio Solution File, Format Version 12.00
# Visual Studio Version 16
VisualStudioVersion = 16.0.30717.126
MinimumVisualStudioVersion = 10.0.40219.1
Project("{FAE04EC0-301F-11D3-BF4B-00C04F79EFBC}") = "ConsoleServer", "ConsoleServer\ConsoleServer.csproj", "{1A3EA2A7-6FF2-4F03-9F02-B5CADD590B1D}"
EndProject
Project("{FAE04EC0-301F-11D3-BF4B-00C04F79EFBC}") = "WindowsFormsApp", "WindowsFormsApp\WindowsFormsApp.csproj", "{9777AC21-8CD0-45F5-81DB-76664C3508DD}"
EndProject
Global
	GlobalSection(SolutionConfigurationPlatforms) = preSolution
		Debug|Any CPU = Debug|Any CPU
		Release|Any CPU = Release|Any CPU
	EndGlobalSection
	GlobalSection(ProjectConfigurationPlatforms) = postSolution
		{1A3EA2A7-6FF2-4F03-9F02-B5CADD590B1D}.Debug|Any CPU.ActiveCfg = Debug|Any CPU
		{1A3EA2A7-6FF2-4F03-9F02-B5CADD590B1D}.Debug|Any CPU.Build.0 = Debug|Any CPU
		{1A3EA2A7-6FF2-4F03-9F02-B5CADD590B1D}.Release|Any CPU.ActiveCfg = Release|Any CPU
		{1A3EA2A7-6FF2-4F03-9F02-B5CADD590B1D}.Release|Any CPU.Build.0 = Release|Any CPU
		{9777AC21-8CD0-45F5-81DB-76664C3508DD}.Debug|Any CPU.ActiveCfg = Debug|Any CPU
		{9777AC21-8CD0-45F5-81DB-76664C3508DD}.Debug|Any CPU.Build.0 = Debug|Any CPU
		{9777AC21-8CD0-45F5-81DB-76664C3508DD}.Release|Any CPU.ActiveCfg = Release|Any CPU
		{9777AC21-8CD0-45F5-81DB-76664C3508DD}.Release|Any CPU.Build.0 = Release|Any CPU
	EndGlobalSection
	GlobalSection(SolutionProperties) = preSolution
		HideSolutionNode = FALSE
	EndGlobalSection
	GlobalSection(ExtensibilityGlobals) = postSolution
		SolutionGuid = {C2A8B0F6-5CF7-4A1B-A1EC-BA44A09E93E6}
	EndGlobalSection
EndGlobal
